
Microsoft Visual Studio Solution File, Format Version 12.00
# Visual Studio Version 17
VisualStudioVersion = 17.7.34009.444
MinimumVisualStudioVersion = 10.0.40219.1
Project("{FAE04EC0-301F-11D3-BF4B-00C04F79EFBC}") = "GalponIndustrial_API", "GalponIndustrial_API\GalponIndustrial_API.csproj", "{D16B729B-DA6C-41DF-9697-4BC1DBE900A6}"
EndProject
Global
	GlobalSection(SolutionConfigurationPlatforms) = preSolution
		Debug|Any CPU = Debug|Any CPU
		Release|Any CPU = Release|Any CPU
	EndGlobalSection
	GlobalSection(ProjectConfigurationPlatforms) = postSolution
		{D16B729B-DA6C-41DF-9697-4BC1DBE900A6}.Debug|Any CPU.ActiveCfg = Debug|Any CPU
		{D16B729B-DA6C-41DF-9697-4BC1DBE900A6}.Debug|Any CPU.Build.0 = Debug|Any CPU
		{D16B729B-DA6C-41DF-9697-4BC1DBE900A6}.Release|Any CPU.ActiveCfg = Release|Any CPU
		{D16B729B-DA6C-41DF-9697-4BC1DBE900A6}.Release|Any CPU.Build.0 = Release|Any CPU
	EndGlobalSection
	GlobalSection(SolutionProperties) = preSolution
		HideSolutionNode = FALSE
	EndGlobalSection
	GlobalSection(ExtensibilityGlobals) = postSolution
		SolutionGuid = {E096E450-FF42-49F4-AFF2-F14EABDA6BA3}
	EndGlobalSection
EndGlobal
